// !$*UTF8*$!
{
	archiveVersion = 1;
	classes = {
	};
	objectVersion = 50;
	objects = {

/* Begin PBXBuildFile section */
		F3063CD725F86A4A00278A02 /* GGFloatExtensions.swift in Sources */ = {isa = PBXBuildFile; fileRef = F3063CD625F86A4A00278A02 /* GGFloatExtensions.swift */; };
		F30F0DA425F9AD1F00A4E664 /* SignupViewController.swift in Sources */ = {isa = PBXBuildFile; fileRef = F30F0DA325F9AD1F00A4E664 /* SignupViewController.swift */; };
		F312088825F9617B0068C8FC /* EditDetailCell.swift in Sources */ = {isa = PBXBuildFile; fileRef = F312088725F9617B0068C8FC /* EditDetailCell.swift */; };
		F312088E25F9636D0068C8FC /* UUIDExtensions.swift in Sources */ = {isa = PBXBuildFile; fileRef = F312088D25F9636D0068C8FC /* UUIDExtensions.swift */; };
		F312089125F969700068C8FC /* EditDescriptionCell.swift in Sources */ = {isa = PBXBuildFile; fileRef = F312089025F969700068C8FC /* EditDescriptionCell.swift */; };
		F312089425F976D70068C8FC /* NotificationExtensions.swift in Sources */ = {isa = PBXBuildFile; fileRef = F312089325F976D70068C8FC /* NotificationExtensions.swift */; };
		F312089825F97DF80068C8FC /* ViewDetailViewController.swift in Sources */ = {isa = PBXBuildFile; fileRef = F312089725F97DF80068C8FC /* ViewDetailViewController.swift */; };
		F31208A225F981230068C8FC /* ViewDetailCell.swift in Sources */ = {isa = PBXBuildFile; fileRef = F31208A125F981230068C8FC /* ViewDetailCell.swift */; };
		F31208A525F9812B0068C8FC /* ViewDescriptionCell.swift in Sources */ = {isa = PBXBuildFile; fileRef = F31208A425F9812B0068C8FC /* ViewDescriptionCell.swift */; };
		F346652A25F71758004340B7 /* ViewExtensions.swift in Sources */ = {isa = PBXBuildFile; fileRef = F346652925F71758004340B7 /* ViewExtensions.swift */; };
		F346655425F73438004340B7 /* DefectModel.swift in Sources */ = {isa = PBXBuildFile; fileRef = F346655325F73438004340B7 /* DefectModel.swift */; };
		F346655725F73457004340B7 /* DefectCell.swift in Sources */ = {isa = PBXBuildFile; fileRef = F346655625F73457004340B7 /* DefectCell.swift */; };
		F346655D25F73849004340B7 /* SectionHeaderView.swift in Sources */ = {isa = PBXBuildFile; fileRef = F346655C25F73849004340B7 /* SectionHeaderView.swift */; };
		F346656025F73990004340B7 /* DefectDatabase.swift in Sources */ = {isa = PBXBuildFile; fileRef = F346655F25F73990004340B7 /* DefectDatabase.swift */; };
		F34A75CF25F93D59000F2DF8 /* DefectViewController.swift in Sources */ = {isa = PBXBuildFile; fileRef = F34A75CE25F93D59000F2DF8 /* DefectViewController.swift */; };
		F34A75DA25F94B4E000F2DF8 /* LoginViewController.swift in Sources */ = {isa = PBXBuildFile; fileRef = F34A75D925F94B4E000F2DF8 /* LoginViewController.swift */; };
		F34A75E425F94F7D000F2DF8 /* RoundedCornerView.swift in Sources */ = {isa = PBXBuildFile; fileRef = F34A75E325F94F7D000F2DF8 /* RoundedCornerView.swift */; };
		F34A75E725F95100000F2DF8 /* ActionButton.swift in Sources */ = {isa = PBXBuildFile; fileRef = F34A75E625F95100000F2DF8 /* ActionButton.swift */; };
		F34A75EB25F956F0000F2DF8 /* EditDetailViewController.swift in Sources */ = {isa = PBXBuildFile; fileRef = F34A75EA25F956F0000F2DF8 /* EditDetailViewController.swift */; };
		F378DB4625F68157002042D1 /* AppDelegate.swift in Sources */ = {isa = PBXBuildFile; fileRef = F378DB4525F68157002042D1 /* AppDelegate.swift */; };
		F378DB4D25F68157002042D1 /* Main.storyboard in Resources */ = {isa = PBXBuildFile; fileRef = F378DB4B25F68157002042D1 /* Main.storyboard */; };
		F378DB4F25F6815A002042D1 /* Assets.xcassets in Resources */ = {isa = PBXBuildFile; fileRef = F378DB4E25F6815A002042D1 /* Assets.xcassets */; };
		F378DB5225F6815A002042D1 /* LaunchScreen.storyboard in Resources */ = {isa = PBXBuildFile; fileRef = F378DB5025F6815A002042D1 /* LaunchScreen.storyboard */; };
		F380276625FC91CE00B5FFD2 /* UserModel.swift in Sources */ = {isa = PBXBuildFile; fileRef = F380276525FC91CE00B5FFD2 /* UserModel.swift */; };
		F380276B25FC97A700B5FFD2 /* DetailSearchBar.swift in Sources */ = {isa = PBXBuildFile; fileRef = F380276A25FC97A700B5FFD2 /* DetailSearchBar.swift */; };
		F380276E25FC97FA00B5FFD2 /* SignUpView.swift in Sources */ = {isa = PBXBuildFile; fileRef = F380276D25FC97FA00B5FFD2 /* SignUpView.swift */; };
		F389721325F8071700F66ADC /* DateExtensions.swift in Sources */ = {isa = PBXBuildFile; fileRef = F389721225F8071700F66ADC /* DateExtensions.swift */; };
		F3EC40ED25FC7D92004A9A5D /* LoginView.swift in Sources */ = {isa = PBXBuildFile; fileRef = F3EC40EC25FC7D92004A9A5D /* LoginView.swift */; };
		F3EC40F125FC8233004A9A5D /* StackViewExtensions.swift in Sources */ = {isa = PBXBuildFile; fileRef = F3EC40F025FC8233004A9A5D /* StackViewExtensions.swift */; };
		F3EC40F425FC8B18004A9A5D /* TextFieldExtensions.swift in Sources */ = {isa = PBXBuildFile; fileRef = F3EC40F325FC8B18004A9A5D /* TextFieldExtensions.swift */; };
		F3EC40F925FC8CB1004A9A5D /* PlaceholderTextView.swift in Sources */ = {isa = PBXBuildFile; fileRef = F3EC40F825FC8CB1004A9A5D /* PlaceholderTextView.swift */; };
/* End PBXBuildFile section */

/* Begin PBXFileReference section */
		F3063CD625F86A4A00278A02 /* GGFloatExtensions.swift */ = {isa = PBXFileReference; lastKnownFileType = sourcecode.swift; path = GGFloatExtensions.swift; sourceTree = "<group>"; };
		F30F0DA325F9AD1F00A4E664 /* SignupViewController.swift */ = {isa = PBXFileReference; lastKnownFileType = sourcecode.swift; path = SignupViewController.swift; sourceTree = "<group>"; };
		F312088725F9617B0068C8FC /* EditDetailCell.swift */ = {isa = PBXFileReference; lastKnownFileType = sourcecode.swift; path = EditDetailCell.swift; sourceTree = "<group>"; };
		F312088D25F9636D0068C8FC /* UUIDExtensions.swift */ = {isa = PBXFileReference; lastKnownFileType = sourcecode.swift; path = UUIDExtensions.swift; sourceTree = "<group>"; };
		F312089025F969700068C8FC /* EditDescriptionCell.swift */ = {isa = PBXFileReference; lastKnownFileType = sourcecode.swift; path = EditDescriptionCell.swift; sourceTree = "<group>"; };
		F312089325F976D70068C8FC /* NotificationExtensions.swift */ = {isa = PBXFileReference; lastKnownFileType = sourcecode.swift; path = NotificationExtensions.swift; sourceTree = "<group>"; };
		F312089725F97DF80068C8FC /* ViewDetailViewController.swift */ = {isa = PBXFileReference; lastKnownFileType = sourcecode.swift; path = ViewDetailViewController.swift; sourceTree = "<group>"; };
		F31208A125F981230068C8FC /* ViewDetailCell.swift */ = {isa = PBXFileReference; lastKnownFileType = sourcecode.swift; path = ViewDetailCell.swift; sourceTree = "<group>"; };
		F31208A425F9812B0068C8FC /* ViewDescriptionCell.swift */ = {isa = PBXFileReference; lastKnownFileType = sourcecode.swift; path = ViewDescriptionCell.swift; sourceTree = "<group>"; };
		F346652925F71758004340B7 /* ViewExtensions.swift */ = {isa = PBXFileReference; lastKnownFileType = sourcecode.swift; path = ViewExtensions.swift; sourceTree = "<group>"; };
		F346655325F73438004340B7 /* DefectModel.swift */ = {isa = PBXFileReference; lastKnownFileType = sourcecode.swift; path = DefectModel.swift; sourceTree = "<group>"; };
		F346655625F73457004340B7 /* DefectCell.swift */ = {isa = PBXFileReference; lastKnownFileType = sourcecode.swift; path = DefectCell.swift; sourceTree = "<group>"; };
		F346655C25F73849004340B7 /* SectionHeaderView.swift */ = {isa = PBXFileReference; lastKnownFileType = sourcecode.swift; path = SectionHeaderView.swift; sourceTree = "<group>"; };
		F346655F25F73990004340B7 /* DefectDatabase.swift */ = {isa = PBXFileReference; lastKnownFileType = sourcecode.swift; path = DefectDatabase.swift; sourceTree = "<group>"; };
		F34A75CE25F93D59000F2DF8 /* DefectViewController.swift */ = {isa = PBXFileReference; lastKnownFileType = sourcecode.swift; path = DefectViewController.swift; sourceTree = "<group>"; };
		F34A75D925F94B4E000F2DF8 /* LoginViewController.swift */ = {isa = PBXFileReference; lastKnownFileType = sourcecode.swift; path = LoginViewController.swift; sourceTree = "<group>"; };
		F34A75E325F94F7D000F2DF8 /* RoundedCornerView.swift */ = {isa = PBXFileReference; lastKnownFileType = sourcecode.swift; path = RoundedCornerView.swift; sourceTree = "<group>"; };
		F34A75E625F95100000F2DF8 /* ActionButton.swift */ = {isa = PBXFileReference; lastKnownFileType = sourcecode.swift; path = ActionButton.swift; sourceTree = "<group>"; };
		F34A75EA25F956F0000F2DF8 /* EditDetailViewController.swift */ = {isa = PBXFileReference; lastKnownFileType = sourcecode.swift; path = EditDetailViewController.swift; sourceTree = "<group>"; };
		F378DB4225F68157002042D1 /* MainTrack-Prototype.app */ = {isa = PBXFileReference; explicitFileType = wrapper.application; includeInIndex = 0; path = "MainTrack-Prototype.app"; sourceTree = BUILT_PRODUCTS_DIR; };
		F378DB4525F68157002042D1 /* AppDelegate.swift */ = {isa = PBXFileReference; lastKnownFileType = sourcecode.swift; path = AppDelegate.swift; sourceTree = "<group>"; };
		F378DB4C25F68157002042D1 /* Base */ = {isa = PBXFileReference; lastKnownFileType = file.storyboard; name = Base; path = Base.lproj/Main.storyboard; sourceTree = "<group>"; };
		F378DB4E25F6815A002042D1 /* Assets.xcassets */ = {isa = PBXFileReference; lastKnownFileType = folder.assetcatalog; path = Assets.xcassets; sourceTree = "<group>"; };
		F378DB5125F6815A002042D1 /* Base */ = {isa = PBXFileReference; lastKnownFileType = file.storyboard; name = Base; path = Base.lproj/LaunchScreen.storyboard; sourceTree = "<group>"; };
		F378DB5325F6815A002042D1 /* Info.plist */ = {isa = PBXFileReference; lastKnownFileType = text.plist.xml; path = Info.plist; sourceTree = "<group>"; };
		F380276525FC91CE00B5FFD2 /* UserModel.swift */ = {isa = PBXFileReference; lastKnownFileType = sourcecode.swift; path = UserModel.swift; sourceTree = "<group>"; };
		F380276A25FC97A700B5FFD2 /* DetailSearchBar.swift */ = {isa = PBXFileReference; lastKnownFileType = sourcecode.swift; path = DetailSearchBar.swift; sourceTree = "<group>"; };
		F380276D25FC97FA00B5FFD2 /* SignUpView.swift */ = {isa = PBXFileReference; lastKnownFileType = sourcecode.swift; path = SignUpView.swift; sourceTree = "<group>"; };
		F389721225F8071700F66ADC /* DateExtensions.swift */ = {isa = PBXFileReference; lastKnownFileType = sourcecode.swift; path = DateExtensions.swift; sourceTree = "<group>"; };
		F3EC40EC25FC7D92004A9A5D /* LoginView.swift */ = {isa = PBXFileReference; lastKnownFileType = sourcecode.swift; path = LoginView.swift; sourceTree = "<group>"; };
		F3EC40F025FC8233004A9A5D /* StackViewExtensions.swift */ = {isa = PBXFileReference; lastKnownFileType = sourcecode.swift; path = StackViewExtensions.swift; sourceTree = "<group>"; };
		F3EC40F325FC8B18004A9A5D /* TextFieldExtensions.swift */ = {isa = PBXFileReference; lastKnownFileType = sourcecode.swift; path = TextFieldExtensions.swift; sourceTree = "<group>"; };
		F3EC40F825FC8CB1004A9A5D /* PlaceholderTextView.swift */ = {isa = PBXFileReference; lastKnownFileType = sourcecode.swift; path = PlaceholderTextView.swift; sourceTree = "<group>"; };
/* End PBXFileReference section */

/* Begin PBXFrameworksBuildPhase section */
		F378DB3F25F68157002042D1 /* Frameworks */ = {
			isa = PBXFrameworksBuildPhase;
			buildActionMask = 2147483647;
			files = (
			);
			runOnlyForDeploymentPostprocessing = 0;
		};
/* End PBXFrameworksBuildPhase section */

/* Begin PBXGroup section */
		F34A75D225F94B0A000F2DF8 /* Model */ = {
			isa = PBXGroup;
			children = (
				F346655325F73438004340B7 /* DefectModel.swift */,
				F380276525FC91CE00B5FFD2 /* UserModel.swift */,
				F346655F25F73990004340B7 /* DefectDatabase.swift */,
			);
			path = Model;
			sourceTree = "<group>";
		};
		F34A75D425F94B16000F2DF8 /* Extensions */ = {
			isa = PBXGroup;
			children = (
				F346652925F71758004340B7 /* ViewExtensions.swift */,
				F3EC40F025FC8233004A9A5D /* StackViewExtensions.swift */,
				F3EC40F325FC8B18004A9A5D /* TextFieldExtensions.swift */,
				F389721225F8071700F66ADC /* DateExtensions.swift */,
				F3063CD625F86A4A00278A02 /* GGFloatExtensions.swift */,
				F312088D25F9636D0068C8FC /* UUIDExtensions.swift */,
				F312089325F976D70068C8FC /* NotificationExtensions.swift */,
			);
			path = Extensions;
			sourceTree = "<group>";
		};
		F34A75D525F94B1E000F2DF8 /* View */ = {
			isa = PBXGroup;
			children = (
				F3EC40EC25FC7D92004A9A5D /* LoginView.swift */,
				F380276D25FC97FA00B5FFD2 /* SignUpView.swift */,
				F346655625F73457004340B7 /* DefectCell.swift */,
				F312088725F9617B0068C8FC /* EditDetailCell.swift */,
				F312089025F969700068C8FC /* EditDescriptionCell.swift */,
				F31208A125F981230068C8FC /* ViewDetailCell.swift */,
				F31208A425F9812B0068C8FC /* ViewDescriptionCell.swift */,
			);
			path = View;
			sourceTree = "<group>";
		};
		F34A75E225F94F6F000F2DF8 /* Helpers */ = {
			isa = PBXGroup;
			children = (
				F346655C25F73849004340B7 /* SectionHeaderView.swift */,
				F34A75E325F94F7D000F2DF8 /* RoundedCornerView.swift */,
				F34A75E625F95100000F2DF8 /* ActionButton.swift */,
				F3EC40F825FC8CB1004A9A5D /* PlaceholderTextView.swift */,
				F380276A25FC97A700B5FFD2 /* DetailSearchBar.swift */,
			);
			path = Helpers;
			sourceTree = "<group>";
		};
		F378DB3925F68157002042D1 = {
			isa = PBXGroup;
			children = (
				F378DB4425F68157002042D1 /* MainTrack-Prototype */,
				F378DB4325F68157002042D1 /* Products */,
			);
			sourceTree = "<group>";
		};
		F378DB4325F68157002042D1 /* Products */ = {
			isa = PBXGroup;
			children = (
				F378DB4225F68157002042D1 /* MainTrack-Prototype.app */,
			);
			name = Products;
			sourceTree = "<group>";
		};
		F378DB4425F68157002042D1 /* MainTrack-Prototype */ = {
			isa = PBXGroup;
			children = (
				F378DB4525F68157002042D1 /* AppDelegate.swift */,
				F34A75D225F94B0A000F2DF8 /* Model */,
				F34A75D525F94B1E000F2DF8 /* View */,
				F3EC40E825FC7BEB004A9A5D /* Controller */,
				F34A75E225F94F6F000F2DF8 /* Helpers */,
				F34A75D425F94B16000F2DF8 /* Extensions */,
				F378DB4B25F68157002042D1 /* Main.storyboard */,
				F378DB4E25F6815A002042D1 /* Assets.xcassets */,
				F378DB5025F6815A002042D1 /* LaunchScreen.storyboard */,
				F378DB5325F6815A002042D1 /* Info.plist */,
			);
			path = "MainTrack-Prototype";
			sourceTree = "<group>";
		};
		F3EC40E825FC7BEB004A9A5D /* Controller */ = {
			isa = PBXGroup;
			children = (
				F34A75D925F94B4E000F2DF8 /* LoginViewController.swift */,
				F34A75CE25F93D59000F2DF8 /* DefectViewController.swift */,
				F30F0DA325F9AD1F00A4E664 /* SignupViewController.swift */,
				F34A75EA25F956F0000F2DF8 /* EditDetailViewController.swift */,
				F312089725F97DF80068C8FC /* ViewDetailViewController.swift */,
			);
			path = Controller;
			sourceTree = "<group>";
		};
/* End PBXGroup section */

/* Begin PBXNativeTarget section */
		F378DB4125F68157002042D1 /* MainTrack-Prototype */ = {
			isa = PBXNativeTarget;
			buildConfigurationList = F378DB5625F6815A002042D1 /* Build configuration list for PBXNativeTarget "MainTrack-Prototype" */;
			buildPhases = (
				F378DB3E25F68157002042D1 /* Sources */,
				F378DB3F25F68157002042D1 /* Frameworks */,
				F378DB4025F68157002042D1 /* Resources */,
			);
			buildRules = (
			);
			dependencies = (
			);
			name = "MainTrack-Prototype";
			productName = "MainTrack-Prototype";
			productReference = F378DB4225F68157002042D1 /* MainTrack-Prototype.app */;
			productType = "com.apple.product-type.application";
		};
/* End PBXNativeTarget section */

/* Begin PBXProject section */
		F378DB3A25F68157002042D1 /* Project object */ = {
			isa = PBXProject;
			attributes = {
				LastSwiftUpdateCheck = 1240;
				LastUpgradeCheck = 1240;
				TargetAttributes = {
					F378DB4125F68157002042D1 = {
						CreatedOnToolsVersion = 12.4;
					};
				};
			};
			buildConfigurationList = F378DB3D25F68157002042D1 /* Build configuration list for PBXProject "MainTrack-Prototype" */;
			compatibilityVersion = "Xcode 9.3";
			developmentRegion = en;
			hasScannedForEncodings = 0;
			knownRegions = (
				en,
				Base,
			);
			mainGroup = F378DB3925F68157002042D1;
			productRefGroup = F378DB4325F68157002042D1 /* Products */;
			projectDirPath = "";
			projectRoot = "";
			targets = (
				F378DB4125F68157002042D1 /* MainTrack-Prototype */,
			);
		};
/* End PBXProject section */

/* Begin PBXResourcesBuildPhase section */
		F378DB4025F68157002042D1 /* Resources */ = {
			isa = PBXResourcesBuildPhase;
			buildActionMask = 2147483647;
			files = (
				F378DB5225F6815A002042D1 /* LaunchScreen.storyboard in Resources */,
				F378DB4F25F6815A002042D1 /* Assets.xcassets in Resources */,
				F378DB4D25F68157002042D1 /* Main.storyboard in Resources */,
			);
			runOnlyForDeploymentPostprocessing = 0;
		};
/* End PBXResourcesBuildPhase section */

/* Begin PBXSourcesBuildPhase section */
		F378DB3E25F68157002042D1 /* Sources */ = {
			isa = PBXSourcesBuildPhase;
			buildActionMask = 2147483647;
			files = (
				F34A75CF25F93D59000F2DF8 /* DefectViewController.swift in Sources */,
				F346655725F73457004340B7 /* DefectCell.swift in Sources */,
				F30F0DA425F9AD1F00A4E664 /* SignupViewController.swift in Sources */,
				F34A75EB25F956F0000F2DF8 /* EditDetailViewController.swift in Sources */,
				F3EC40F425FC8B18004A9A5D /* TextFieldExtensions.swift in Sources */,
				F3EC40ED25FC7D92004A9A5D /* LoginView.swift in Sources */,
				F312089425F976D70068C8FC /* NotificationExtensions.swift in Sources */,
				F34A75E725F95100000F2DF8 /* ActionButton.swift in Sources */,
				F312089125F969700068C8FC /* EditDescriptionCell.swift in Sources */,
				F346655D25F73849004340B7 /* SectionHeaderView.swift in Sources */,
				F31208A525F9812B0068C8FC /* ViewDescriptionCell.swift in Sources */,
				F3EC40F925FC8CB1004A9A5D /* PlaceholderTextView.swift in Sources */,
				F380276B25FC97A700B5FFD2 /* DetailSearchBar.swift in Sources */,
				F378DB4625F68157002042D1 /* AppDelegate.swift in Sources */,
				F34A75E425F94F7D000F2DF8 /* RoundedCornerView.swift in Sources */,
				F312089825F97DF80068C8FC /* ViewDetailViewController.swift in Sources */,
				F3EC40F125FC8233004A9A5D /* StackViewExtensions.swift in Sources */,
				F380276625FC91CE00B5FFD2 /* UserModel.swift in Sources */,
				F346655425F73438004340B7 /* DefectModel.swift in Sources */,
				F389721325F8071700F66ADC /* DateExtensions.swift in Sources */,
				F3063CD725F86A4A00278A02 /* GGFloatExtensions.swift in Sources */,
				F346652A25F71758004340B7 /* ViewExtensions.swift in Sources */,
				F34A75DA25F94B4E000F2DF8 /* LoginViewController.swift in Sources */,
				F312088825F9617B0068C8FC /* EditDetailCell.swift in Sources */,
				F380276E25FC97FA00B5FFD2 /* SignUpView.swift in Sources */,
				F346656025F73990004340B7 /* DefectDatabase.swift in Sources */,
				F312088E25F9636D0068C8FC /* UUIDExtensions.swift in Sources */,
				F31208A225F981230068C8FC /* ViewDetailCell.swift in Sources */,
			);
			runOnlyForDeploymentPostprocessing = 0;
		};
/* End PBXSourcesBuildPhase section */

/* Begin PBXVariantGroup section */
		F378DB4B25F68157002042D1 /* Main.storyboard */ = {
			isa = PBXVariantGroup;
			children = (
				F378DB4C25F68157002042D1 /* Base */,
			);
			name = Main.storyboard;
			sourceTree = "<group>";
		};
		F378DB5025F6815A002042D1 /* LaunchScreen.storyboard */ = {
			isa = PBXVariantGroup;
			children = (
				F378DB5125F6815A002042D1 /* Base */,
			);
			name = LaunchScreen.storyboard;
			sourceTree = "<group>";
		};
/* End PBXVariantGroup section */

/* Begin XCBuildConfiguration section */
		F378DB5425F6815A002042D1 /* Debug */ = {
			isa = XCBuildConfiguration;
			buildSettings = {
				ALWAYS_SEARCH_USER_PATHS = NO;
				CLANG_ANALYZER_NONNULL = YES;
				CLANG_ANALYZER_NUMBER_OBJECT_CONVERSION = YES_AGGRESSIVE;
				CLANG_CXX_LANGUAGE_STANDARD = "gnu++14";
				CLANG_CXX_LIBRARY = "libc++";
				CLANG_ENABLE_MODULES = YES;
				CLANG_ENABLE_OBJC_ARC = YES;
				CLANG_ENABLE_OBJC_WEAK = YES;
				CLANG_WARN_BLOCK_CAPTURE_AUTORELEASING = YES;
				CLANG_WARN_BOOL_CONVERSION = YES;
				CLANG_WARN_COMMA = YES;
				CLANG_WARN_CONSTANT_CONVERSION = YES;
				CLANG_WARN_DEPRECATED_OBJC_IMPLEMENTATIONS = YES;
				CLANG_WARN_DIRECT_OBJC_ISA_USAGE = YES_ERROR;
				CLANG_WARN_DOCUMENTATION_COMMENTS = YES;
				CLANG_WARN_EMPTY_BODY = YES;
				CLANG_WARN_ENUM_CONVERSION = YES;
				CLANG_WARN_INFINITE_RECURSION = YES;
				CLANG_WARN_INT_CONVERSION = YES;
				CLANG_WARN_NON_LITERAL_NULL_CONVERSION = YES;
				CLANG_WARN_OBJC_IMPLICIT_RETAIN_SELF = YES;
				CLANG_WARN_OBJC_LITERAL_CONVERSION = YES;
				CLANG_WARN_OBJC_ROOT_CLASS = YES_ERROR;
				CLANG_WARN_QUOTED_INCLUDE_IN_FRAMEWORK_HEADER = YES;
				CLANG_WARN_RANGE_LOOP_ANALYSIS = YES;
				CLANG_WARN_STRICT_PROTOTYPES = YES;
				CLANG_WARN_SUSPICIOUS_MOVE = YES;
				CLANG_WARN_UNGUARDED_AVAILABILITY = YES_AGGRESSIVE;
				CLANG_WARN_UNREACHABLE_CODE = YES;
				CLANG_WARN__DUPLICATE_METHOD_MATCH = YES;
				COPY_PHASE_STRIP = NO;
				DEBUG_INFORMATION_FORMAT = dwarf;
				ENABLE_STRICT_OBJC_MSGSEND = YES;
				ENABLE_TESTABILITY = YES;
				GCC_C_LANGUAGE_STANDARD = gnu11;
				GCC_DYNAMIC_NO_PIC = NO;
				GCC_NO_COMMON_BLOCKS = YES;
				GCC_OPTIMIZATION_LEVEL = 0;
				GCC_PREPROCESSOR_DEFINITIONS = (
					"DEBUG=1",
					"$(inherited)",
				);
				GCC_WARN_64_TO_32_BIT_CONVERSION = YES;
				GCC_WARN_ABOUT_RETURN_TYPE = YES_ERROR;
				GCC_WARN_UNDECLARED_SELECTOR = YES;
				GCC_WARN_UNINITIALIZED_AUTOS = YES_AGGRESSIVE;
				GCC_WARN_UNUSED_FUNCTION = YES;
				GCC_WARN_UNUSED_VARIABLE = YES;
				IPHONEOS_DEPLOYMENT_TARGET = 14.4;
				MTL_ENABLE_DEBUG_INFO = INCLUDE_SOURCE;
				MTL_FAST_MATH = YES;
				ONLY_ACTIVE_ARCH = YES;
				SDKROOT = iphoneos;
				SWIFT_ACTIVE_COMPILATION_CONDITIONS = DEBUG;
				SWIFT_OPTIMIZATION_LEVEL = "-Onone";
			};
			name = Debug;
		};
		F378DB5525F6815A002042D1 /* Release */ = {
			isa = XCBuildConfiguration;
			buildSettings = {
				ALWAYS_SEARCH_USER_PATHS = NO;
				CLANG_ANALYZER_NONNULL = YES;
				CLANG_ANALYZER_NUMBER_OBJECT_CONVERSION = YES_AGGRESSIVE;
				CLANG_CXX_LANGUAGE_STANDARD = "gnu++14";
				CLANG_CXX_LIBRARY = "libc++";
				CLANG_ENABLE_MODULES = YES;
				CLANG_ENABLE_OBJC_ARC = YES;
				CLANG_ENABLE_OBJC_WEAK = YES;
				CLANG_WARN_BLOCK_CAPTURE_AUTORELEASING = YES;
				CLANG_WARN_BOOL_CONVERSION = YES;
				CLANG_WARN_COMMA = YES;
				CLANG_WARN_CONSTANT_CONVERSION = YES;
				CLANG_WARN_DEPRECATED_OBJC_IMPLEMENTATIONS = YES;
				CLANG_WARN_DIRECT_OBJC_ISA_USAGE = YES_ERROR;
				CLANG_WARN_DOCUMENTATION_COMMENTS = YES;
				CLANG_WARN_EMPTY_BODY = YES;
				CLANG_WARN_ENUM_CONVERSION = YES;
				CLANG_WARN_INFINITE_RECURSION = YES;
				CLANG_WARN_INT_CONVERSION = YES;
				CLANG_WARN_NON_LITERAL_NULL_CONVERSION = YES;
				CLANG_WARN_OBJC_IMPLICIT_RETAIN_SELF = YES;
				CLANG_WARN_OBJC_LITERAL_CONVERSION = YES;
				CLANG_WARN_OBJC_ROOT_CLASS = YES_ERROR;
				CLANG_WARN_QUOTED_INCLUDE_IN_FRAMEWORK_HEADER = YES;
				CLANG_WARN_RANGE_LOOP_ANALYSIS = YES;
				CLANG_WARN_STRICT_PROTOTYPES = YES;
				CLANG_WARN_SUSPICIOUS_MOVE = YES;
				CLANG_WARN_UNGUARDED_AVAILABILITY = YES_AGGRESSIVE;
				CLANG_WARN_UNREACHABLE_CODE = YES;
				CLANG_WARN__DUPLICATE_METHOD_MATCH = YES;
				COPY_PHASE_STRIP = NO;
				DEBUG_INFORMATION_FORMAT = "dwarf-with-dsym";
				ENABLE_NS_ASSERTIONS = NO;
				ENABLE_STRICT_OBJC_MSGSEND = YES;
				GCC_C_LANGUAGE_STANDARD = gnu11;
				GCC_NO_COMMON_BLOCKS = YES;
				GCC_WARN_64_TO_32_BIT_CONVERSION = YES;
				GCC_WARN_ABOUT_RETURN_TYPE = YES_ERROR;
				GCC_WARN_UNDECLARED_SELECTOR = YES;
				GCC_WARN_UNINITIALIZED_AUTOS = YES_AGGRESSIVE;
				GCC_WARN_UNUSED_FUNCTION = YES;
				GCC_WARN_UNUSED_VARIABLE = YES;
				IPHONEOS_DEPLOYMENT_TARGET = 14.4;
				MTL_ENABLE_DEBUG_INFO = NO;
				MTL_FAST_MATH = YES;
				SDKROOT = iphoneos;
				SWIFT_COMPILATION_MODE = wholemodule;
				SWIFT_OPTIMIZATION_LEVEL = "-O";
				VALIDATE_PRODUCT = YES;
			};
			name = Release;
		};
		F378DB5725F6815A002042D1 /* Debug */ = {
			isa = XCBuildConfiguration;
			buildSettings = {
				ASSETCATALOG_COMPILER_APPICON_NAME = AppIcon;
				ASSETCATALOG_COMPILER_GLOBAL_ACCENT_COLOR_NAME = AccentColor;
				CODE_SIGN_STYLE = Automatic;
				DEVELOPMENT_TEAM = DFVB576FM8;
				INFOPLIST_FILE = "MainTrack-Prototype/Info.plist";
				LD_RUNPATH_SEARCH_PATHS = (
					"$(inherited)",
					"@executable_path/Frameworks",
				);
				PRODUCT_BUNDLE_IDENTIFIER = "skite.MainTrack-Prototype";
				PRODUCT_NAME = "$(TARGET_NAME)";
				SWIFT_VERSION = 5.0;
				TARGETED_DEVICE_FAMILY = "1,2";
			};
			name = Debug;
		};
		F378DB5825F6815A002042D1 /* Release */ = {
			isa = XCBuildConfiguration;
			buildSettings = {
				ASSETCATALOG_COMPILER_APPICON_NAME = AppIcon;
				ASSETCATALOG_COMPILER_GLOBAL_ACCENT_COLOR_NAME = AccentColor;
				CODE_SIGN_STYLE = Automatic;
				DEVELOPMENT_TEAM = DFVB576FM8;
				INFOPLIST_FILE = "MainTrack-Prototype/Info.plist";
				LD_RUNPATH_SEARCH_PATHS = (
					"$(inherited)",
					"@executable_path/Frameworks",
				);
				PRODUCT_BUNDLE_IDENTIFIER = "skite.MainTrack-Prototype";
				PRODUCT_NAME = "$(TARGET_NAME)";
				SWIFT_VERSION = 5.0;
				TARGETED_DEVICE_FAMILY = "1,2";
			};
			name = Release;
		};
/* End XCBuildConfiguration section */

/* Begin XCConfigurationList section */
		F378DB3D25F68157002042D1 /* Build configuration list for PBXProject "MainTrack-Prototype" */ = {
			isa = XCConfigurationList;
			buildConfigurations = (
				F378DB5425F6815A002042D1 /* Debug */,
				F378DB5525F6815A002042D1 /* Release */,
			);
			defaultConfigurationIsVisible = 0;
			defaultConfigurationName = Release;
		};
		F378DB5625F6815A002042D1 /* Build configuration list for PBXNativeTarget "MainTrack-Prototype" */ = {
			isa = XCConfigurationList;
			buildConfigurations = (
				F378DB5725F6815A002042D1 /* Debug */,
				F378DB5825F6815A002042D1 /* Release */,
			);
			defaultConfigurationIsVisible = 0;
			defaultConfigurationName = Release;
		};
/* End XCConfigurationList section */
	};
	rootObject = F378DB3A25F68157002042D1 /* Project object */;
}
