// !$*UTF8*$!
{
	archiveVersion = 1;
	classes = {
	};
	objectVersion = 51;
	objects = {

/* Begin PBXBuildFile section */
		06AFA78735AC8AFABD4BFF1C /* Pods_MainTrack_Prototype.framework in Frameworks */ = {isa = PBXBuildFile; fileRef = 9317499AFDFBDD45E9A6C88A /* Pods_MainTrack_Prototype.framework */; };
		F3063CD725F86A4A00278A02 /* GGFloatExtensions.swift in Sources */ = {isa = PBXBuildFile; fileRef = F3063CD625F86A4A00278A02 /* GGFloatExtensions.swift */; };
		F30F0DA425F9AD1F00A4E664 /* SignupViewController.swift in Sources */ = {isa = PBXBuildFile; fileRef = F30F0DA325F9AD1F00A4E664 /* SignupViewController.swift */; };
		F327289B25FE6046003AE3C5 /* DefectController.swift in Sources */ = {isa = PBXBuildFile; fileRef = F327289A25FE6046003AE3C5 /* DefectController.swift */; };
		F32C30B526012AE6008E4DC4 /* StringExtensions.swift in Sources */ = {isa = PBXBuildFile; fileRef = F32C30B426012AE6008E4DC4 /* StringExtensions.swift */; };
		F33476B725FE7E0800E08D45 /* CellScrollDelegate.swift in Sources */ = {isa = PBXBuildFile; fileRef = F33476B625FE7E0800E08D45 /* CellScrollDelegate.swift */; };
		F33476BA25FE7FDA00E08D45 /* ScrollableCell.swift in Sources */ = {isa = PBXBuildFile; fileRef = F33476B925FE7FDA00E08D45 /* ScrollableCell.swift */; };
		F34586CD26054C2D00845A56 /* GoogleService-Info.plist in Resources */ = {isa = PBXBuildFile; fileRef = F34586CC26054C2C00845A56 /* GoogleService-Info.plist */; };
		F346652A25F71758004340B7 /* ViewExtensions.swift in Sources */ = {isa = PBXBuildFile; fileRef = F346652925F71758004340B7 /* ViewExtensions.swift */; };
		F346655425F73438004340B7 /* DefectModel.swift in Sources */ = {isa = PBXBuildFile; fileRef = F346655325F73438004340B7 /* DefectModel.swift */; };
		F346655725F73457004340B7 /* DefectCell.swift in Sources */ = {isa = PBXBuildFile; fileRef = F346655625F73457004340B7 /* DefectCell.swift */; };
		F346655D25F73849004340B7 /* SectionHeaderView.swift in Sources */ = {isa = PBXBuildFile; fileRef = F346655C25F73849004340B7 /* SectionHeaderView.swift */; };
		F346656025F73990004340B7 /* Repository.swift in Sources */ = {isa = PBXBuildFile; fileRef = F346655F25F73990004340B7 /* Repository.swift */; };
		F34A75CF25F93D59000F2DF8 /* DefectViewController.swift in Sources */ = {isa = PBXBuildFile; fileRef = F34A75CE25F93D59000F2DF8 /* DefectViewController.swift */; };
		F34A75DA25F94B4E000F2DF8 /* LoginViewController.swift in Sources */ = {isa = PBXBuildFile; fileRef = F34A75D925F94B4E000F2DF8 /* LoginViewController.swift */; };
		F34A75E725F95100000F2DF8 /* ActionButton.swift in Sources */ = {isa = PBXBuildFile; fileRef = F34A75E625F95100000F2DF8 /* ActionButton.swift */; };
		F350B1C325FEE90A0041C09E /* UUIDExtensions.swift in Sources */ = {isa = PBXBuildFile; fileRef = F350B1C225FEE90A0041C09E /* UUIDExtensions.swift */; };
		F378DB4625F68157002042D1 /* AppDelegate.swift in Sources */ = {isa = PBXBuildFile; fileRef = F378DB4525F68157002042D1 /* AppDelegate.swift */; };
		F378DB4F25F6815A002042D1 /* Assets.xcassets in Resources */ = {isa = PBXBuildFile; fileRef = F378DB4E25F6815A002042D1 /* Assets.xcassets */; };
		F378DB5225F6815A002042D1 /* LaunchScreen.storyboard in Resources */ = {isa = PBXBuildFile; fileRef = F378DB5025F6815A002042D1 /* LaunchScreen.storyboard */; };
		F380276625FC91CE00B5FFD2 /* UserModel.swift in Sources */ = {isa = PBXBuildFile; fileRef = F380276525FC91CE00B5FFD2 /* UserModel.swift */; };
		F380276B25FC97A700B5FFD2 /* DetailSearchBar.swift in Sources */ = {isa = PBXBuildFile; fileRef = F380276A25FC97A700B5FFD2 /* DetailSearchBar.swift */; };
		F380276E25FC97FA00B5FFD2 /* SignUpView.swift in Sources */ = {isa = PBXBuildFile; fileRef = F380276D25FC97FA00B5FFD2 /* SignUpView.swift */; };
		F389721325F8071700F66ADC /* DateExtensions.swift in Sources */ = {isa = PBXBuildFile; fileRef = F389721225F8071700F66ADC /* DateExtensions.swift */; };
		F39867FE25FD6BBB00DF52FD /* MultilineLabel.swift in Sources */ = {isa = PBXBuildFile; fileRef = F39867FD25FD6BBB00DF52FD /* MultilineLabel.swift */; };
		F398680725FD803300DF52FD /* ApiClient.swift in Sources */ = {isa = PBXBuildFile; fileRef = F398680625FD803300DF52FD /* ApiClient.swift */; };
		F398680A25FD8A0600DF52FD /* Errors.swift in Sources */ = {isa = PBXBuildFile; fileRef = F398680925FD8A0600DF52FD /* Errors.swift */; };
		F398680D25FD8A3A00DF52FD /* Enumerations.swift in Sources */ = {isa = PBXBuildFile; fileRef = F398680C25FD8A3A00DF52FD /* Enumerations.swift */; };
		F398681325FD8F2A00DF52FD /* ViewControllerExtensions.swift in Sources */ = {isa = PBXBuildFile; fileRef = F398681225FD8F2A00DF52FD /* ViewControllerExtensions.swift */; };
		F398681825FD9DE200DF52FD /* sta.json in Resources */ = {isa = PBXBuildFile; fileRef = F398681725FD9DE200DF52FD /* sta.json */; };
		F398681B25FD9DF300DF52FD /* ac.json in Resources */ = {isa = PBXBuildFile; fileRef = F398681A25FD9DF300DF52FD /* ac.json */; };
		F398681E25FD9E0200DF52FD /* ata.json in Resources */ = {isa = PBXBuildFile; fileRef = F398681D25FD9E0200DF52FD /* ata.json */; };
		F398682125FDA13D00DF52FD /* AtaModel.swift in Sources */ = {isa = PBXBuildFile; fileRef = F398682025FDA13D00DF52FD /* AtaModel.swift */; };
		F398682425FDA18E00DF52FD /* AircraftModel.swift in Sources */ = {isa = PBXBuildFile; fileRef = F398682325FDA18E00DF52FD /* AircraftModel.swift */; };
		F398682725FDA1D800DF52FD /* StationModel.swift in Sources */ = {isa = PBXBuildFile; fileRef = F398682625FDA1D800DF52FD /* StationModel.swift */; };
		F398682B25FDAD6300DF52FD /* DetailCell.swift in Sources */ = {isa = PBXBuildFile; fileRef = F398682A25FDAD6300DF52FD /* DetailCell.swift */; };
		F398682E25FDAD7000DF52FD /* DescriptionCell.swift in Sources */ = {isa = PBXBuildFile; fileRef = F398682D25FDAD7000DF52FD /* DescriptionCell.swift */; };
		F398683125FDADD800DF52FD /* DetailViewController.swift in Sources */ = {isa = PBXBuildFile; fileRef = F398683025FDADD800DF52FD /* DetailViewController.swift */; };
		F398683525FDB8FE00DF52FD /* NotificationExtensions.swift in Sources */ = {isa = PBXBuildFile; fileRef = F398683425FDB8FE00DF52FD /* NotificationExtensions.swift */; };
		F398683B25FDD4BF00DF52FD /* DetailViews.swift in Sources */ = {isa = PBXBuildFile; fileRef = F398683A25FDD4BF00DF52FD /* DetailViews.swift */; };
		F398683E25FDD6EC00DF52FD /* ViewContainer.swift in Sources */ = {isa = PBXBuildFile; fileRef = F398683D25FDD6EC00DF52FD /* ViewContainer.swift */; };
		F3EC40ED25FC7D92004A9A5D /* LoginView.swift in Sources */ = {isa = PBXBuildFile; fileRef = F3EC40EC25FC7D92004A9A5D /* LoginView.swift */; };
		F3EC40F125FC8233004A9A5D /* StackViewExtensions.swift in Sources */ = {isa = PBXBuildFile; fileRef = F3EC40F025FC8233004A9A5D /* StackViewExtensions.swift */; };
		F3EC40F425FC8B18004A9A5D /* TextFieldExtensions.swift in Sources */ = {isa = PBXBuildFile; fileRef = F3EC40F325FC8B18004A9A5D /* TextFieldExtensions.swift */; };
		F3EC40F925FC8CB1004A9A5D /* PlaceholderTextView.swift in Sources */ = {isa = PBXBuildFile; fileRef = F3EC40F825FC8CB1004A9A5D /* PlaceholderTextView.swift */; };
		F3FE59E125FE8CAA00C9574E /* SpacerCell.swift in Sources */ = {isa = PBXBuildFile; fileRef = F3FE59E025FE8CAA00C9574E /* SpacerCell.swift */; };
		F3FE59E525FEACCE00C9574E /* DescriptionTextView.swift in Sources */ = {isa = PBXBuildFile; fileRef = F3FE59E425FEACCE00C9574E /* DescriptionTextView.swift */; };
/* End PBXBuildFile section */

/* Begin PBXFileReference section */
		837C3CC37AD6693EA29BD974 /* Pods-MainTrack-Prototype.debug.xcconfig */ = {isa = PBXFileReference; includeInIndex = 1; lastKnownFileType = text.xcconfig; name = "Pods-MainTrack-Prototype.debug.xcconfig"; path = "Target Support Files/Pods-MainTrack-Prototype/Pods-MainTrack-Prototype.debug.xcconfig"; sourceTree = "<group>"; };
		9317499AFDFBDD45E9A6C88A /* Pods_MainTrack_Prototype.framework */ = {isa = PBXFileReference; explicitFileType = wrapper.framework; includeInIndex = 0; path = Pods_MainTrack_Prototype.framework; sourceTree = BUILT_PRODUCTS_DIR; };
		CA422C31468F2F294113E515 /* Pods-MainTrack-Prototype.release.xcconfig */ = {isa = PBXFileReference; includeInIndex = 1; lastKnownFileType = text.xcconfig; name = "Pods-MainTrack-Prototype.release.xcconfig"; path = "Target Support Files/Pods-MainTrack-Prototype/Pods-MainTrack-Prototype.release.xcconfig"; sourceTree = "<group>"; };
		F3063CD625F86A4A00278A02 /* GGFloatExtensions.swift */ = {isa = PBXFileReference; lastKnownFileType = sourcecode.swift; path = GGFloatExtensions.swift; sourceTree = "<group>"; };
		F30F0DA325F9AD1F00A4E664 /* SignupViewController.swift */ = {isa = PBXFileReference; lastKnownFileType = sourcecode.swift; path = SignupViewController.swift; sourceTree = "<group>"; };
		F327289A25FE6046003AE3C5 /* DefectController.swift */ = {isa = PBXFileReference; lastKnownFileType = sourcecode.swift; path = DefectController.swift; sourceTree = "<group>"; };
		F32C30B426012AE6008E4DC4 /* StringExtensions.swift */ = {isa = PBXFileReference; lastKnownFileType = sourcecode.swift; path = StringExtensions.swift; sourceTree = "<group>"; };
		F33476B625FE7E0800E08D45 /* CellScrollDelegate.swift */ = {isa = PBXFileReference; lastKnownFileType = sourcecode.swift; path = CellScrollDelegate.swift; sourceTree = "<group>"; };
		F33476B925FE7FDA00E08D45 /* ScrollableCell.swift */ = {isa = PBXFileReference; lastKnownFileType = sourcecode.swift; path = ScrollableCell.swift; sourceTree = "<group>"; };
		F34586CC26054C2C00845A56 /* GoogleService-Info.plist */ = {isa = PBXFileReference; fileEncoding = 4; lastKnownFileType = text.plist.xml; path = "GoogleService-Info.plist"; sourceTree = "<group>"; };
		F346652925F71758004340B7 /* ViewExtensions.swift */ = {isa = PBXFileReference; lastKnownFileType = sourcecode.swift; path = ViewExtensions.swift; sourceTree = "<group>"; };
		F346655325F73438004340B7 /* DefectModel.swift */ = {isa = PBXFileReference; lastKnownFileType = sourcecode.swift; path = DefectModel.swift; sourceTree = "<group>"; };
		F346655625F73457004340B7 /* DefectCell.swift */ = {isa = PBXFileReference; lastKnownFileType = sourcecode.swift; path = DefectCell.swift; sourceTree = "<group>"; };
		F346655C25F73849004340B7 /* SectionHeaderView.swift */ = {isa = PBXFileReference; lastKnownFileType = sourcecode.swift; path = SectionHeaderView.swift; sourceTree = "<group>"; };
		F346655F25F73990004340B7 /* Repository.swift */ = {isa = PBXFileReference; lastKnownFileType = sourcecode.swift; path = Repository.swift; sourceTree = "<group>"; };
		F34A75CE25F93D59000F2DF8 /* DefectViewController.swift */ = {isa = PBXFileReference; lastKnownFileType = sourcecode.swift; path = DefectViewController.swift; sourceTree = "<group>"; };
		F34A75D925F94B4E000F2DF8 /* LoginViewController.swift */ = {isa = PBXFileReference; lastKnownFileType = sourcecode.swift; path = LoginViewController.swift; sourceTree = "<group>"; };
		F34A75E625F95100000F2DF8 /* ActionButton.swift */ = {isa = PBXFileReference; lastKnownFileType = sourcecode.swift; path = ActionButton.swift; sourceTree = "<group>"; };
		F350B1C225FEE90A0041C09E /* UUIDExtensions.swift */ = {isa = PBXFileReference; lastKnownFileType = sourcecode.swift; path = UUIDExtensions.swift; sourceTree = "<group>"; };
		F378DB4225F68157002042D1 /* MainTrack-Prototype.app */ = {isa = PBXFileReference; explicitFileType = wrapper.application; includeInIndex = 0; path = "MainTrack-Prototype.app"; sourceTree = BUILT_PRODUCTS_DIR; };
		F378DB4525F68157002042D1 /* AppDelegate.swift */ = {isa = PBXFileReference; lastKnownFileType = sourcecode.swift; path = AppDelegate.swift; sourceTree = "<group>"; };
		F378DB4E25F6815A002042D1 /* Assets.xcassets */ = {isa = PBXFileReference; lastKnownFileType = folder.assetcatalog; path = Assets.xcassets; sourceTree = "<group>"; };
		F378DB5125F6815A002042D1 /* Base */ = {isa = PBXFileReference; lastKnownFileType = file.storyboard; name = Base; path = Base.lproj/LaunchScreen.storyboard; sourceTree = "<group>"; };
		F378DB5325F6815A002042D1 /* Info.plist */ = {isa = PBXFileReference; lastKnownFileType = text.plist.xml; path = Info.plist; sourceTree = "<group>"; };
		F380276525FC91CE00B5FFD2 /* UserModel.swift */ = {isa = PBXFileReference; lastKnownFileType = sourcecode.swift; path = UserModel.swift; sourceTree = "<group>"; };
		F380276A25FC97A700B5FFD2 /* DetailSearchBar.swift */ = {isa = PBXFileReference; lastKnownFileType = sourcecode.swift; path = DetailSearchBar.swift; sourceTree = "<group>"; };
		F380276D25FC97FA00B5FFD2 /* SignUpView.swift */ = {isa = PBXFileReference; lastKnownFileType = sourcecode.swift; path = SignUpView.swift; sourceTree = "<group>"; };
		F389721225F8071700F66ADC /* DateExtensions.swift */ = {isa = PBXFileReference; lastKnownFileType = sourcecode.swift; path = DateExtensions.swift; sourceTree = "<group>"; };
		F39867FD25FD6BBB00DF52FD /* MultilineLabel.swift */ = {isa = PBXFileReference; lastKnownFileType = sourcecode.swift; path = MultilineLabel.swift; sourceTree = "<group>"; };
		F398680625FD803300DF52FD /* ApiClient.swift */ = {isa = PBXFileReference; lastKnownFileType = sourcecode.swift; path = ApiClient.swift; sourceTree = "<group>"; };
		F398680925FD8A0600DF52FD /* Errors.swift */ = {isa = PBXFileReference; lastKnownFileType = sourcecode.swift; path = Errors.swift; sourceTree = "<group>"; };
		F398680C25FD8A3A00DF52FD /* Enumerations.swift */ = {isa = PBXFileReference; lastKnownFileType = sourcecode.swift; path = Enumerations.swift; sourceTree = "<group>"; };
		F398681225FD8F2A00DF52FD /* ViewControllerExtensions.swift */ = {isa = PBXFileReference; lastKnownFileType = sourcecode.swift; path = ViewControllerExtensions.swift; sourceTree = "<group>"; };
		F398681725FD9DE200DF52FD /* sta.json */ = {isa = PBXFileReference; lastKnownFileType = text.json; path = sta.json; sourceTree = "<group>"; };
		F398681A25FD9DF300DF52FD /* ac.json */ = {isa = PBXFileReference; lastKnownFileType = text.json; path = ac.json; sourceTree = "<group>"; };
		F398681D25FD9E0200DF52FD /* ata.json */ = {isa = PBXFileReference; lastKnownFileType = text.json; path = ata.json; sourceTree = "<group>"; };
		F398682025FDA13D00DF52FD /* AtaModel.swift */ = {isa = PBXFileReference; lastKnownFileType = sourcecode.swift; path = AtaModel.swift; sourceTree = "<group>"; };
		F398682325FDA18E00DF52FD /* AircraftModel.swift */ = {isa = PBXFileReference; lastKnownFileType = sourcecode.swift; path = AircraftModel.swift; sourceTree = "<group>"; };
		F398682625FDA1D800DF52FD /* StationModel.swift */ = {isa = PBXFileReference; lastKnownFileType = sourcecode.swift; path = StationModel.swift; sourceTree = "<group>"; };
		F398682A25FDAD6300DF52FD /* DetailCell.swift */ = {isa = PBXFileReference; lastKnownFileType = sourcecode.swift; path = DetailCell.swift; sourceTree = "<group>"; };
		F398682D25FDAD7000DF52FD /* DescriptionCell.swift */ = {isa = PBXFileReference; lastKnownFileType = sourcecode.swift; path = DescriptionCell.swift; sourceTree = "<group>"; };
		F398683025FDADD800DF52FD /* DetailViewController.swift */ = {isa = PBXFileReference; lastKnownFileType = sourcecode.swift; path = DetailViewController.swift; sourceTree = "<group>"; };
		F398683425FDB8FE00DF52FD /* NotificationExtensions.swift */ = {isa = PBXFileReference; lastKnownFileType = sourcecode.swift; path = NotificationExtensions.swift; sourceTree = "<group>"; };
		F398683A25FDD4BF00DF52FD /* DetailViews.swift */ = {isa = PBXFileReference; lastKnownFileType = sourcecode.swift; path = DetailViews.swift; sourceTree = "<group>"; };
		F398683D25FDD6EC00DF52FD /* ViewContainer.swift */ = {isa = PBXFileReference; fileEncoding = 4; lastKnownFileType = sourcecode.swift; path = ViewContainer.swift; sourceTree = "<group>"; };
		F3EC40EC25FC7D92004A9A5D /* LoginView.swift */ = {isa = PBXFileReference; lastKnownFileType = sourcecode.swift; path = LoginView.swift; sourceTree = "<group>"; };
		F3EC40F025FC8233004A9A5D /* StackViewExtensions.swift */ = {isa = PBXFileReference; lastKnownFileType = sourcecode.swift; path = StackViewExtensions.swift; sourceTree = "<group>"; };
		F3EC40F325FC8B18004A9A5D /* TextFieldExtensions.swift */ = {isa = PBXFileReference; lastKnownFileType = sourcecode.swift; path = TextFieldExtensions.swift; sourceTree = "<group>"; };
		F3EC40F825FC8CB1004A9A5D /* PlaceholderTextView.swift */ = {isa = PBXFileReference; lastKnownFileType = sourcecode.swift; path = PlaceholderTextView.swift; sourceTree = "<group>"; };
		F3FE59E025FE8CAA00C9574E /* SpacerCell.swift */ = {isa = PBXFileReference; lastKnownFileType = sourcecode.swift; path = SpacerCell.swift; sourceTree = "<group>"; };
		F3FE59E425FEACCE00C9574E /* DescriptionTextView.swift */ = {isa = PBXFileReference; lastKnownFileType = sourcecode.swift; path = DescriptionTextView.swift; sourceTree = "<group>"; };
/* End PBXFileReference section */

/* Begin PBXFrameworksBuildPhase section */
		F378DB3F25F68157002042D1 /* Frameworks */ = {
			isa = PBXFrameworksBuildPhase;
			buildActionMask = 2147483647;
			files = (
				06AFA78735AC8AFABD4BFF1C /* Pods_MainTrack_Prototype.framework in Frameworks */,
			);
			runOnlyForDeploymentPostprocessing = 0;
		};
/* End PBXFrameworksBuildPhase section */

/* Begin PBXGroup section */
		C7BD21F3F44F7BAD25EC581D /* Frameworks */ = {
			isa = PBXGroup;
			children = (
				9317499AFDFBDD45E9A6C88A /* Pods_MainTrack_Prototype.framework */,
			);
			name = Frameworks;
			sourceTree = "<group>";
		};
		D946644883FBA83A6B9729D3 /* Pods */ = {
			isa = PBXGroup;
			children = (
				837C3CC37AD6693EA29BD974 /* Pods-MainTrack-Prototype.debug.xcconfig */,
				CA422C31468F2F294113E515 /* Pods-MainTrack-Prototype.release.xcconfig */,
			);
			path = Pods;
			sourceTree = "<group>";
		};
		F327289825FE6008003AE3C5 /* Model Controller */ = {
			isa = PBXGroup;
			children = (
				F327289A25FE6046003AE3C5 /* DefectController.swift */,
			);
			path = "Model Controller";
			sourceTree = "<group>";
		};
		F33476BC25FE836700E08D45 /* Helpers */ = {
			isa = PBXGroup;
			children = (
				F33476B625FE7E0800E08D45 /* CellScrollDelegate.swift */,
			);
			path = Helpers;
			sourceTree = "<group>";
		};
		F34A75D225F94B0A000F2DF8 /* Model */ = {
			isa = PBXGroup;
			children = (
				F346655F25F73990004340B7 /* Repository.swift */,
				F380276525FC91CE00B5FFD2 /* UserModel.swift */,
				F398682625FDA1D800DF52FD /* StationModel.swift */,
				F398682325FDA18E00DF52FD /* AircraftModel.swift */,
				F398682025FDA13D00DF52FD /* AtaModel.swift */,
				F346655325F73438004340B7 /* DefectModel.swift */,
				F398680C25FD8A3A00DF52FD /* Enumerations.swift */,
				F398680925FD8A0600DF52FD /* Errors.swift */,
				F398681625FD9D6400DF52FD /* Data */,
			);
			path = Model;
			sourceTree = "<group>";
		};
		F34A75D425F94B16000F2DF8 /* Extensions */ = {
			isa = PBXGroup;
			children = (
				F346652925F71758004340B7 /* ViewExtensions.swift */,
				F398683425FDB8FE00DF52FD /* NotificationExtensions.swift */,
				F3EC40F025FC8233004A9A5D /* StackViewExtensions.swift */,
				F3EC40F325FC8B18004A9A5D /* TextFieldExtensions.swift */,
				F389721225F8071700F66ADC /* DateExtensions.swift */,
				F32C30B426012AE6008E4DC4 /* StringExtensions.swift */,
				F350B1C225FEE90A0041C09E /* UUIDExtensions.swift */,
				F3063CD625F86A4A00278A02 /* GGFloatExtensions.swift */,
				F398681225FD8F2A00DF52FD /* ViewControllerExtensions.swift */,
			);
			path = Extensions;
			sourceTree = "<group>";
		};
		F34A75D525F94B1E000F2DF8 /* View */ = {
			isa = PBXGroup;
			children = (
				F3EC40EC25FC7D92004A9A5D /* LoginView.swift */,
				F380276D25FC97FA00B5FFD2 /* SignUpView.swift */,
				F346655625F73457004340B7 /* DefectCell.swift */,
				F398682A25FDAD6300DF52FD /* DetailCell.swift */,
				F398682D25FDAD7000DF52FD /* DescriptionCell.swift */,
				F398683A25FDD4BF00DF52FD /* DetailViews.swift */,
				F34A75E225F94F6F000F2DF8 /* Helpers */,
			);
			path = View;
			sourceTree = "<group>";
		};
		F34A75E225F94F6F000F2DF8 /* Helpers */ = {
			isa = PBXGroup;
			children = (
				F398683D25FDD6EC00DF52FD /* ViewContainer.swift */,
				F33476B925FE7FDA00E08D45 /* ScrollableCell.swift */,
				F3FE59E025FE8CAA00C9574E /* SpacerCell.swift */,
				F346655C25F73849004340B7 /* SectionHeaderView.swift */,
				F34A75E625F95100000F2DF8 /* ActionButton.swift */,
				F3EC40F825FC8CB1004A9A5D /* PlaceholderTextView.swift */,
				F3FE59E425FEACCE00C9574E /* DescriptionTextView.swift */,
				F380276A25FC97A700B5FFD2 /* DetailSearchBar.swift */,
				F39867FD25FD6BBB00DF52FD /* MultilineLabel.swift */,
			);
			path = Helpers;
			sourceTree = "<group>";
		};
		F378DB3925F68157002042D1 = {
			isa = PBXGroup;
			children = (
				F378DB4425F68157002042D1 /* MainTrack-Prototype */,
				F378DB4325F68157002042D1 /* Products */,
				D946644883FBA83A6B9729D3 /* Pods */,
				C7BD21F3F44F7BAD25EC581D /* Frameworks */,
			);
			sourceTree = "<group>";
		};
		F378DB4325F68157002042D1 /* Products */ = {
			isa = PBXGroup;
			children = (
				F378DB4225F68157002042D1 /* MainTrack-Prototype.app */,
			);
			name = Products;
			sourceTree = "<group>";
		};
		F378DB4425F68157002042D1 /* MainTrack-Prototype */ = {
			isa = PBXGroup;
			children = (
				F398684725FDDC0E00DF52FD /* Main */,
				F398684625FDDBB300DF52FD /* Service */,
				F34A75D225F94B0A000F2DF8 /* Model */,
				F327289825FE6008003AE3C5 /* Model Controller */,
				F3EC40E825FC7BEB004A9A5D /* View Controller */,
				F34A75D525F94B1E000F2DF8 /* View */,
				F34A75D425F94B16000F2DF8 /* Extensions */,
				F378DB4E25F6815A002042D1 /* Assets.xcassets */,
				F378DB5025F6815A002042D1 /* LaunchScreen.storyboard */,
				F378DB5325F6815A002042D1 /* Info.plist */,
				F34586CC26054C2C00845A56 /* GoogleService-Info.plist */,
			);
			path = "MainTrack-Prototype";
			sourceTree = "<group>";
		};
		F398681625FD9D6400DF52FD /* Data */ = {
			isa = PBXGroup;
			children = (
				F398681725FD9DE200DF52FD /* sta.json */,
				F398681A25FD9DF300DF52FD /* ac.json */,
				F398681D25FD9E0200DF52FD /* ata.json */,
			);
			path = Data;
			sourceTree = "<group>";
		};
		F398684625FDDBB300DF52FD /* Service */ = {
			isa = PBXGroup;
			children = (
				F398680625FD803300DF52FD /* ApiClient.swift */,
			);
			path = Service;
			sourceTree = "<group>";
		};
		F398684725FDDC0E00DF52FD /* Main */ = {
			isa = PBXGroup;
			children = (
				F378DB4525F68157002042D1 /* AppDelegate.swift */,
			);
			path = Main;
			sourceTree = "<group>";
		};
		F3EC40E825FC7BEB004A9A5D /* View Controller */ = {
			isa = PBXGroup;
			children = (
				F34A75D925F94B4E000F2DF8 /* LoginViewController.swift */,
				F30F0DA325F9AD1F00A4E664 /* SignupViewController.swift */,
				F34A75CE25F93D59000F2DF8 /* DefectViewController.swift */,
				F398683025FDADD800DF52FD /* DetailViewController.swift */,
				F33476BC25FE836700E08D45 /* Helpers */,
			);
			path = "View Controller";
			sourceTree = "<group>";
		};
/* End PBXGroup section */

/* Begin PBXNativeTarget section */
		F378DB4125F68157002042D1 /* MainTrack-Prototype */ = {
			isa = PBXNativeTarget;
			buildConfigurationList = F378DB5625F6815A002042D1 /* Build configuration list for PBXNativeTarget "MainTrack-Prototype" */;
			buildPhases = (
				E4686A8629581FC064C64DAD /* [CP] Check Pods Manifest.lock */,
				F378DB3E25F68157002042D1 /* Sources */,
				F378DB3F25F68157002042D1 /* Frameworks */,
				F378DB4025F68157002042D1 /* Resources */,
				32F19ABD22D128E52294A421 /* [CP] Embed Pods Frameworks */,
			);
			buildRules = (
			);
			dependencies = (
			);
			name = "MainTrack-Prototype";
			productName = "MainTrack-Prototype";
			productReference = F378DB4225F68157002042D1 /* MainTrack-Prototype.app */;
			productType = "com.apple.product-type.application";
		};
/* End PBXNativeTarget section */

/* Begin PBXProject section */
		F378DB3A25F68157002042D1 /* Project object */ = {
			isa = PBXProject;
			attributes = {
				LastSwiftUpdateCheck = 1240;
				LastUpgradeCheck = 1240;
				TargetAttributes = {
					F378DB4125F68157002042D1 = {
						CreatedOnToolsVersion = 12.4;
					};
				};
			};
			buildConfigurationList = F378DB3D25F68157002042D1 /* Build configuration list for PBXProject "MainTrack-Prototype" */;
			compatibilityVersion = "Xcode 9.3";
			developmentRegion = en;
			hasScannedForEncodings = 0;
			knownRegions = (
				en,
				Base,
			);
			mainGroup = F378DB3925F68157002042D1;
			productRefGroup = F378DB4325F68157002042D1 /* Products */;
			projectDirPath = "";
			projectRoot = "";
			targets = (
				F378DB4125F68157002042D1 /* MainTrack-Prototype */,
			);
		};
/* End PBXProject section */

/* Begin PBXResourcesBuildPhase section */
		F378DB4025F68157002042D1 /* Resources */ = {
			isa = PBXResourcesBuildPhase;
			buildActionMask = 2147483647;
			files = (
				F378DB5225F6815A002042D1 /* LaunchScreen.storyboard in Resources */,
				F378DB4F25F6815A002042D1 /* Assets.xcassets in Resources */,
				F398681825FD9DE200DF52FD /* sta.json in Resources */,
				F398681E25FD9E0200DF52FD /* ata.json in Resources */,
				F398681B25FD9DF300DF52FD /* ac.json in Resources */,
				F34586CD26054C2D00845A56 /* GoogleService-Info.plist in Resources */,
			);
			runOnlyForDeploymentPostprocessing = 0;
		};
/* End PBXResourcesBuildPhase section */

/* Begin PBXShellScriptBuildPhase section */
		32F19ABD22D128E52294A421 /* [CP] Embed Pods Frameworks */ = {
			isa = PBXShellScriptBuildPhase;
			buildActionMask = 2147483647;
			files = (
			);
			inputFileListPaths = (
				"${PODS_ROOT}/Target Support Files/Pods-MainTrack-Prototype/Pods-MainTrack-Prototype-frameworks-${CONFIGURATION}-input-files.xcfilelist",
			);
			name = "[CP] Embed Pods Frameworks";
			outputFileListPaths = (
				"${PODS_ROOT}/Target Support Files/Pods-MainTrack-Prototype/Pods-MainTrack-Prototype-frameworks-${CONFIGURATION}-output-files.xcfilelist",
			);
			runOnlyForDeploymentPostprocessing = 0;
			shellPath = /bin/sh;
			shellScript = "\"${PODS_ROOT}/Target Support Files/Pods-MainTrack-Prototype/Pods-MainTrack-Prototype-frameworks.sh\"\n";
			showEnvVarsInLog = 0;
		};
		E4686A8629581FC064C64DAD /* [CP] Check Pods Manifest.lock */ = {
			isa = PBXShellScriptBuildPhase;
			buildActionMask = 2147483647;
			files = (
			);
			inputFileListPaths = (
			);
			inputPaths = (
				"${PODS_PODFILE_DIR_PATH}/Podfile.lock",
				"${PODS_ROOT}/Manifest.lock",
			);
			name = "[CP] Check Pods Manifest.lock";
			outputFileListPaths = (
			);
			outputPaths = (
				"$(DERIVED_FILE_DIR)/Pods-MainTrack-Prototype-checkManifestLockResult.txt",
			);
			runOnlyForDeploymentPostprocessing = 0;
			shellPath = /bin/sh;
			shellScript = "diff \"${PODS_PODFILE_DIR_PATH}/Podfile.lock\" \"${PODS_ROOT}/Manifest.lock\" > /dev/null\nif [ $? != 0 ] ; then\n    # print error to STDERR\n    echo \"error: The sandbox is not in sync with the Podfile.lock. Run 'pod install' or update your CocoaPods installation.\" >&2\n    exit 1\nfi\n# This output is used by Xcode 'outputs' to avoid re-running this script phase.\necho \"SUCCESS\" > \"${SCRIPT_OUTPUT_FILE_0}\"\n";
			showEnvVarsInLog = 0;
		};
/* End PBXShellScriptBuildPhase section */

/* Begin PBXSourcesBuildPhase section */
		F378DB3E25F68157002042D1 /* Sources */ = {
			isa = PBXSourcesBuildPhase;
			buildActionMask = 2147483647;
			files = (
				F398682725FDA1D800DF52FD /* StationModel.swift in Sources */,
				F34A75CF25F93D59000F2DF8 /* DefectViewController.swift in Sources */,
				F350B1C325FEE90A0041C09E /* UUIDExtensions.swift in Sources */,
				F398682E25FDAD7000DF52FD /* DescriptionCell.swift in Sources */,
				F33476BA25FE7FDA00E08D45 /* ScrollableCell.swift in Sources */,
				F346655725F73457004340B7 /* DefectCell.swift in Sources */,
				F30F0DA425F9AD1F00A4E664 /* SignupViewController.swift in Sources */,
				F398680A25FD8A0600DF52FD /* Errors.swift in Sources */,
				F3EC40F425FC8B18004A9A5D /* TextFieldExtensions.swift in Sources */,
				F398683B25FDD4BF00DF52FD /* DetailViews.swift in Sources */,
				F3EC40ED25FC7D92004A9A5D /* LoginView.swift in Sources */,
				F398683125FDADD800DF52FD /* DetailViewController.swift in Sources */,
				F398680725FD803300DF52FD /* ApiClient.swift in Sources */,
				F398683525FDB8FE00DF52FD /* NotificationExtensions.swift in Sources */,
				F398683E25FDD6EC00DF52FD /* ViewContainer.swift in Sources */,
				F34A75E725F95100000F2DF8 /* ActionButton.swift in Sources */,
				F346655D25F73849004340B7 /* SectionHeaderView.swift in Sources */,
				F3EC40F925FC8CB1004A9A5D /* PlaceholderTextView.swift in Sources */,
				F398682425FDA18E00DF52FD /* AircraftModel.swift in Sources */,
				F380276B25FC97A700B5FFD2 /* DetailSearchBar.swift in Sources */,
				F378DB4625F68157002042D1 /* AppDelegate.swift in Sources */,
				F398682125FDA13D00DF52FD /* AtaModel.swift in Sources */,
				F3EC40F125FC8233004A9A5D /* StackViewExtensions.swift in Sources */,
				F39867FE25FD6BBB00DF52FD /* MultilineLabel.swift in Sources */,
				F380276625FC91CE00B5FFD2 /* UserModel.swift in Sources */,
				F327289B25FE6046003AE3C5 /* DefectController.swift in Sources */,
				F346655425F73438004340B7 /* DefectModel.swift in Sources */,
				F398682B25FDAD6300DF52FD /* DetailCell.swift in Sources */,
				F389721325F8071700F66ADC /* DateExtensions.swift in Sources */,
				F398680D25FD8A3A00DF52FD /* Enumerations.swift in Sources */,
				F3063CD725F86A4A00278A02 /* GGFloatExtensions.swift in Sources */,
				F346652A25F71758004340B7 /* ViewExtensions.swift in Sources */,
				F32C30B526012AE6008E4DC4 /* StringExtensions.swift in Sources */,
				F3FE59E525FEACCE00C9574E /* DescriptionTextView.swift in Sources */,
				F3FE59E125FE8CAA00C9574E /* SpacerCell.swift in Sources */,
				F34A75DA25F94B4E000F2DF8 /* LoginViewController.swift in Sources */,
				F33476B725FE7E0800E08D45 /* CellScrollDelegate.swift in Sources */,
				F398681325FD8F2A00DF52FD /* ViewControllerExtensions.swift in Sources */,
				F380276E25FC97FA00B5FFD2 /* SignUpView.swift in Sources */,
				F346656025F73990004340B7 /* Repository.swift in Sources */,
			);
			runOnlyForDeploymentPostprocessing = 0;
		};
/* End PBXSourcesBuildPhase section */

/* Begin PBXVariantGroup section */
		F378DB5025F6815A002042D1 /* LaunchScreen.storyboard */ = {
			isa = PBXVariantGroup;
			children = (
				F378DB5125F6815A002042D1 /* Base */,
			);
			name = LaunchScreen.storyboard;
			sourceTree = "<group>";
		};
/* End PBXVariantGroup section */

/* Begin XCBuildConfiguration section */
		F378DB5425F6815A002042D1 /* Debug */ = {
			isa = XCBuildConfiguration;
			buildSettings = {
				ALWAYS_SEARCH_USER_PATHS = NO;
				CLANG_ANALYZER_NONNULL = YES;
				CLANG_ANALYZER_NUMBER_OBJECT_CONVERSION = YES_AGGRESSIVE;
				CLANG_CXX_LANGUAGE_STANDARD = "gnu++14";
				CLANG_CXX_LIBRARY = "libc++";
				CLANG_ENABLE_MODULES = YES;
				CLANG_ENABLE_OBJC_ARC = YES;
				CLANG_ENABLE_OBJC_WEAK = YES;
				CLANG_WARN_BLOCK_CAPTURE_AUTORELEASING = YES;
				CLANG_WARN_BOOL_CONVERSION = YES;
				CLANG_WARN_COMMA = YES;
				CLANG_WARN_CONSTANT_CONVERSION = YES;
				CLANG_WARN_DEPRECATED_OBJC_IMPLEMENTATIONS = YES;
				CLANG_WARN_DIRECT_OBJC_ISA_USAGE = YES_ERROR;
				CLANG_WARN_DOCUMENTATION_COMMENTS = YES;
				CLANG_WARN_EMPTY_BODY = YES;
				CLANG_WARN_ENUM_CONVERSION = YES;
				CLANG_WARN_INFINITE_RECURSION = YES;
				CLANG_WARN_INT_CONVERSION = YES;
				CLANG_WARN_NON_LITERAL_NULL_CONVERSION = YES;
				CLANG_WARN_OBJC_IMPLICIT_RETAIN_SELF = YES;
				CLANG_WARN_OBJC_LITERAL_CONVERSION = YES;
				CLANG_WARN_OBJC_ROOT_CLASS = YES_ERROR;
				CLANG_WARN_QUOTED_INCLUDE_IN_FRAMEWORK_HEADER = YES;
				CLANG_WARN_RANGE_LOOP_ANALYSIS = YES;
				CLANG_WARN_STRICT_PROTOTYPES = YES;
				CLANG_WARN_SUSPICIOUS_MOVE = YES;
				CLANG_WARN_UNGUARDED_AVAILABILITY = YES_AGGRESSIVE;
				CLANG_WARN_UNREACHABLE_CODE = YES;
				CLANG_WARN__DUPLICATE_METHOD_MATCH = YES;
				COPY_PHASE_STRIP = NO;
				DEBUG_INFORMATION_FORMAT = dwarf;
				ENABLE_STRICT_OBJC_MSGSEND = YES;
				ENABLE_TESTABILITY = YES;
				GCC_C_LANGUAGE_STANDARD = gnu11;
				GCC_DYNAMIC_NO_PIC = NO;
				GCC_NO_COMMON_BLOCKS = YES;
				GCC_OPTIMIZATION_LEVEL = 0;
				GCC_PREPROCESSOR_DEFINITIONS = (
					"DEBUG=1",
					"$(inherited)",
				);
				GCC_WARN_64_TO_32_BIT_CONVERSION = YES;
				GCC_WARN_ABOUT_RETURN_TYPE = YES_ERROR;
				GCC_WARN_UNDECLARED_SELECTOR = YES;
				GCC_WARN_UNINITIALIZED_AUTOS = YES_AGGRESSIVE;
				GCC_WARN_UNUSED_FUNCTION = YES;
				GCC_WARN_UNUSED_VARIABLE = YES;
				IPHONEOS_DEPLOYMENT_TARGET = 14.4;
				MTL_ENABLE_DEBUG_INFO = INCLUDE_SOURCE;
				MTL_FAST_MATH = YES;
				ONLY_ACTIVE_ARCH = YES;
				SDKROOT = iphoneos;
				SWIFT_ACTIVE_COMPILATION_CONDITIONS = DEBUG;
				SWIFT_OPTIMIZATION_LEVEL = "-Onone";
			};
			name = Debug;
		};
		F378DB5525F6815A002042D1 /* Release */ = {
			isa = XCBuildConfiguration;
			buildSettings = {
				ALWAYS_SEARCH_USER_PATHS = NO;
				CLANG_ANALYZER_NONNULL = YES;
				CLANG_ANALYZER_NUMBER_OBJECT_CONVERSION = YES_AGGRESSIVE;
				CLANG_CXX_LANGUAGE_STANDARD = "gnu++14";
				CLANG_CXX_LIBRARY = "libc++";
				CLANG_ENABLE_MODULES = YES;
				CLANG_ENABLE_OBJC_ARC = YES;
				CLANG_ENABLE_OBJC_WEAK = YES;
				CLANG_WARN_BLOCK_CAPTURE_AUTORELEASING = YES;
				CLANG_WARN_BOOL_CONVERSION = YES;
				CLANG_WARN_COMMA = YES;
				CLANG_WARN_CONSTANT_CONVERSION = YES;
				CLANG_WARN_DEPRECATED_OBJC_IMPLEMENTATIONS = YES;
				CLANG_WARN_DIRECT_OBJC_ISA_USAGE = YES_ERROR;
				CLANG_WARN_DOCUMENTATION_COMMENTS = YES;
				CLANG_WARN_EMPTY_BODY = YES;
				CLANG_WARN_ENUM_CONVERSION = YES;
				CLANG_WARN_INFINITE_RECURSION = YES;
				CLANG_WARN_INT_CONVERSION = YES;
				CLANG_WARN_NON_LITERAL_NULL_CONVERSION = YES;
				CLANG_WARN_OBJC_IMPLICIT_RETAIN_SELF = YES;
				CLANG_WARN_OBJC_LITERAL_CONVERSION = YES;
				CLANG_WARN_OBJC_ROOT_CLASS = YES_ERROR;
				CLANG_WARN_QUOTED_INCLUDE_IN_FRAMEWORK_HEADER = YES;
				CLANG_WARN_RANGE_LOOP_ANALYSIS = YES;
				CLANG_WARN_STRICT_PROTOTYPES = YES;
				CLANG_WARN_SUSPICIOUS_MOVE = YES;
				CLANG_WARN_UNGUARDED_AVAILABILITY = YES_AGGRESSIVE;
				CLANG_WARN_UNREACHABLE_CODE = YES;
				CLANG_WARN__DUPLICATE_METHOD_MATCH = YES;
				COPY_PHASE_STRIP = NO;
				DEBUG_INFORMATION_FORMAT = "dwarf-with-dsym";
				ENABLE_NS_ASSERTIONS = NO;
				ENABLE_STRICT_OBJC_MSGSEND = YES;
				GCC_C_LANGUAGE_STANDARD = gnu11;
				GCC_NO_COMMON_BLOCKS = YES;
				GCC_WARN_64_TO_32_BIT_CONVERSION = YES;
				GCC_WARN_ABOUT_RETURN_TYPE = YES_ERROR;
				GCC_WARN_UNDECLARED_SELECTOR = YES;
				GCC_WARN_UNINITIALIZED_AUTOS = YES_AGGRESSIVE;
				GCC_WARN_UNUSED_FUNCTION = YES;
				GCC_WARN_UNUSED_VARIABLE = YES;
				IPHONEOS_DEPLOYMENT_TARGET = 14.4;
				MTL_ENABLE_DEBUG_INFO = NO;
				MTL_FAST_MATH = YES;
				SDKROOT = iphoneos;
				SWIFT_COMPILATION_MODE = wholemodule;
				SWIFT_OPTIMIZATION_LEVEL = "-O";
				VALIDATE_PRODUCT = YES;
			};
			name = Release;
		};
		F378DB5725F6815A002042D1 /* Debug */ = {
			isa = XCBuildConfiguration;
			baseConfigurationReference = 837C3CC37AD6693EA29BD974 /* Pods-MainTrack-Prototype.debug.xcconfig */;
			buildSettings = {
				ASSETCATALOG_COMPILER_APPICON_NAME = AppIcon;
				ASSETCATALOG_COMPILER_GLOBAL_ACCENT_COLOR_NAME = AccentColor;
				CODE_SIGN_STYLE = Automatic;
				DEVELOPMENT_TEAM = DFVB576FM8;
				INFOPLIST_FILE = "MainTrack-Prototype/Info.plist";
				LD_RUNPATH_SEARCH_PATHS = (
					"$(inherited)",
					"@executable_path/Frameworks",
				);
				PRODUCT_BUNDLE_IDENTIFIER = "com.skite.MainTrack-Prototype";
				PRODUCT_NAME = "$(TARGET_NAME)";
				SWIFT_VERSION = 5.0;
				TARGETED_DEVICE_FAMILY = "1,2";
			};
			name = Debug;
		};
		F378DB5825F6815A002042D1 /* Release */ = {
			isa = XCBuildConfiguration;
			baseConfigurationReference = CA422C31468F2F294113E515 /* Pods-MainTrack-Prototype.release.xcconfig */;
			buildSettings = {
				ASSETCATALOG_COMPILER_APPICON_NAME = AppIcon;
				ASSETCATALOG_COMPILER_GLOBAL_ACCENT_COLOR_NAME = AccentColor;
				CODE_SIGN_STYLE = Automatic;
				DEVELOPMENT_TEAM = DFVB576FM8;
				INFOPLIST_FILE = "MainTrack-Prototype/Info.plist";
				LD_RUNPATH_SEARCH_PATHS = (
					"$(inherited)",
					"@executable_path/Frameworks",
				);
				PRODUCT_BUNDLE_IDENTIFIER = "com.skite.MainTrack-Prototype";
				PRODUCT_NAME = "$(TARGET_NAME)";
				SWIFT_VERSION = 5.0;
				TARGETED_DEVICE_FAMILY = "1,2";
			};
			name = Release;
		};
/* End XCBuildConfiguration section */

/* Begin XCConfigurationList section */
		F378DB3D25F68157002042D1 /* Build configuration list for PBXProject "MainTrack-Prototype" */ = {
			isa = XCConfigurationList;
			buildConfigurations = (
				F378DB5425F6815A002042D1 /* Debug */,
				F378DB5525F6815A002042D1 /* Release */,
			);
			defaultConfigurationIsVisible = 0;
			defaultConfigurationName = Release;
		};
		F378DB5625F6815A002042D1 /* Build configuration list for PBXNativeTarget "MainTrack-Prototype" */ = {
			isa = XCConfigurationList;
			buildConfigurations = (
				F378DB5725F6815A002042D1 /* Debug */,
				F378DB5825F6815A002042D1 /* Release */,
			);
			defaultConfigurationIsVisible = 0;
			defaultConfigurationName = Release;
		};
/* End XCConfigurationList section */
	};
	rootObject = F378DB3A25F68157002042D1 /* Project object */;
}
